{
    "name": "ppp-tools",
    "version": "1.0.0",
    "lockfileVersion": 3,
    "requires": true,
    "packages": {
        "": {
            "name": "ppp-tools",
            "version": "1.0.0",
            "license": "Apache-2.0",
            "dependencies": {
                "common-helpers": "git+ssh://git@github.com:bastecklein/common-helpers.git#main"
            },
            "devDependencies": {},
            "funding": {
                "type": "patreon",
                "url": "https://www.patreon.com/apeapps"
            }
        },
        "node_modules/common-helpers": {
            "version": "1.0.7",
            "resolved": "git+ssh://git@github.com/bastecklein/common-helpers.git#9c0a47a2a5943c6a20c4b98015d5f7ce03725b03",
            "license": "Apache-2.0",
            "funding": {
                "type": "patreon",
                "url": "https://www.patreon.com/apeapps"
            }
        }
    }
}
